
Microsoft Visual Studio Solution File, Format Version 12.00
# Visual Studio Version 17
VisualStudioVersion = 17.0.31611.283
MinimumVisualStudioVersion = 10.0.40219.1
Project("{9A19103F-16F7-4668-BE54-9A1E7A4F7556}") = "TemplateFiller.Maui", "TemplateFiller.Maui\TemplateFiller.Maui.csproj", "{D67EEF63-15A6-4B42-8096-0F3C6C485674}"
EndProject
Project("{9A19103F-16F7-4668-BE54-9A1E7A4F7556}") = "TemplateFiller.Core", "TemplateFiller.Core\TemplateFiller.Core.csproj", "{B1ABB7F7-572A-4038-B441-B65528BFAAF7}"
EndProject
Global
	GlobalSection(SolutionConfigurationPlatforms) = preSolution
		Debug|Any CPU = Debug|Any CPU
		Debug|ARM = Debug|ARM
		Debug|ARM64 = Debug|ARM64
		Debug|x64 = Debug|x64
		Debug|x86 = Debug|x86
		Release|Any CPU = Release|Any CPU
		Release|ARM = Release|ARM
		Release|ARM64 = Release|ARM64
		Release|x64 = Release|x64
		Release|x86 = Release|x86
	EndGlobalSection
	GlobalSection(ProjectConfigurationPlatforms) = postSolution
		{D67EEF63-15A6-4B42-8096-0F3C6C485674}.Debug|Any CPU.ActiveCfg = Debug|Any CPU
		{D67EEF63-15A6-4B42-8096-0F3C6C485674}.Debug|Any CPU.Build.0 = Debug|Any CPU
		{D67EEF63-15A6-4B42-8096-0F3C6C485674}.Debug|Any CPU.Deploy.0 = Debug|Any CPU
		{D67EEF63-15A6-4B42-8096-0F3C6C485674}.Debug|ARM.ActiveCfg = Debug|Any CPU
		{D67EEF63-15A6-4B42-8096-0F3C6C485674}.Debug|ARM.Build.0 = Debug|Any CPU
		{D67EEF63-15A6-4B42-8096-0F3C6C485674}.Debug|ARM.Deploy.0 = Debug|Any CPU
		{D67EEF63-15A6-4B42-8096-0F3C6C485674}.Debug|ARM64.ActiveCfg = Debug|Any CPU
		{D67EEF63-15A6-4B42-8096-0F3C6C485674}.Debug|ARM64.Build.0 = Debug|Any CPU
		{D67EEF63-15A6-4B42-8096-0F3C6C485674}.Debug|ARM64.Deploy.0 = Debug|Any CPU
		{D67EEF63-15A6-4B42-8096-0F3C6C485674}.Debug|x64.ActiveCfg = Debug|Any CPU
		{D67EEF63-15A6-4B42-8096-0F3C6C485674}.Debug|x64.Build.0 = Debug|Any CPU
		{D67EEF63-15A6-4B42-8096-0F3C6C485674}.Debug|x64.Deploy.0 = Debug|Any CPU
		{D67EEF63-15A6-4B42-8096-0F3C6C485674}.Debug|x86.ActiveCfg = Debug|Any CPU
		{D67EEF63-15A6-4B42-8096-0F3C6C485674}.Debug|x86.Build.0 = Debug|Any CPU
		{D67EEF63-15A6-4B42-8096-0F3C6C485674}.Debug|x86.Deploy.0 = Debug|Any CPU
		{D67EEF63-15A6-4B42-8096-0F3C6C485674}.Release|Any CPU.ActiveCfg = Release|Any CPU
		{D67EEF63-15A6-4B42-8096-0F3C6C485674}.Release|Any CPU.Build.0 = Release|Any CPU
		{D67EEF63-15A6-4B42-8096-0F3C6C485674}.Release|Any CPU.Deploy.0 = Release|Any CPU
		{D67EEF63-15A6-4B42-8096-0F3C6C485674}.Release|ARM.ActiveCfg = Release|Any CPU
		{D67EEF63-15A6-4B42-8096-0F3C6C485674}.Release|ARM.Build.0 = Release|Any CPU
		{D67EEF63-15A6-4B42-8096-0F3C6C485674}.Release|ARM.Deploy.0 = Release|Any CPU
		{D67EEF63-15A6-4B42-8096-0F3C6C485674}.Release|ARM64.ActiveCfg = Release|Any CPU
		{D67EEF63-15A6-4B42-8096-0F3C6C485674}.Release|ARM64.Build.0 = Release|Any CPU
		{D67EEF63-15A6-4B42-8096-0F3C6C485674}.Release|ARM64.Deploy.0 = Release|Any CPU
		{D67EEF63-15A6-4B42-8096-0F3C6C485674}.Release|x64.ActiveCfg = Release|Any CPU
		{D67EEF63-15A6-4B42-8096-0F3C6C485674}.Release|x64.Build.0 = Release|Any CPU
		{D67EEF63-15A6-4B42-8096-0F3C6C485674}.Release|x64.Deploy.0 = Release|Any CPU
		{D67EEF63-15A6-4B42-8096-0F3C6C485674}.Release|x86.ActiveCfg = Release|Any CPU
		{D67EEF63-15A6-4B42-8096-0F3C6C485674}.Release|x86.Build.0 = Release|Any CPU
		{D67EEF63-15A6-4B42-8096-0F3C6C485674}.Release|x86.Deploy.0 = Release|Any CPU
		{B1ABB7F7-572A-4038-B441-B65528BFAAF7}.Debug|Any CPU.ActiveCfg = Debug|Any CPU
		{B1ABB7F7-572A-4038-B441-B65528BFAAF7}.Debug|Any CPU.Build.0 = Debug|Any CPU
		{B1ABB7F7-572A-4038-B441-B65528BFAAF7}.Debug|ARM.ActiveCfg = Debug|Any CPU
		{B1ABB7F7-572A-4038-B441-B65528BFAAF7}.Debug|ARM.Build.0 = Debug|Any CPU
		{B1ABB7F7-572A-4038-B441-B65528BFAAF7}.Debug|ARM64.ActiveCfg = Debug|Any CPU
		{B1ABB7F7-572A-4038-B441-B65528BFAAF7}.Debug|ARM64.Build.0 = Debug|Any CPU
		{B1ABB7F7-572A-4038-B441-B65528BFAAF7}.Debug|x64.ActiveCfg = Debug|Any CPU
		{B1ABB7F7-572A-4038-B441-B65528BFAAF7}.Debug|x64.Build.0 = Debug|Any CPU
		{B1ABB7F7-572A-4038-B441-B65528BFAAF7}.Debug|x86.ActiveCfg = Debug|Any CPU
		{B1ABB7F7-572A-4038-B441-B65528BFAAF7}.Debug|x86.Build.0 = Debug|Any CPU
		{B1ABB7F7-572A-4038-B441-B65528BFAAF7}.Release|Any CPU.ActiveCfg = Release|Any CPU
		{B1ABB7F7-572A-4038-B441-B65528BFAAF7}.Release|Any CPU.Build.0 = Release|Any CPU
		{B1ABB7F7-572A-4038-B441-B65528BFAAF7}.Release|ARM.ActiveCfg = Release|Any CPU
		{B1ABB7F7-572A-4038-B441-B65528BFAAF7}.Release|ARM.Build.0 = Release|Any CPU
		{B1ABB7F7-572A-4038-B441-B65528BFAAF7}.Release|ARM64.ActiveCfg = Release|Any CPU
		{B1ABB7F7-572A-4038-B441-B65528BFAAF7}.Release|ARM64.Build.0 = Release|Any CPU
		{B1ABB7F7-572A-4038-B441-B65528BFAAF7}.Release|x64.ActiveCfg = Release|Any CPU
		{B1ABB7F7-572A-4038-B441-B65528BFAAF7}.Release|x64.Build.0 = Release|Any CPU
		{B1ABB7F7-572A-4038-B441-B65528BFAAF7}.Release|x86.ActiveCfg = Release|Any CPU
		{B1ABB7F7-572A-4038-B441-B65528BFAAF7}.Release|x86.Build.0 = Release|Any CPU
	EndGlobalSection
	GlobalSection(SolutionProperties) = preSolution
		HideSolutionNode = FALSE
	EndGlobalSection
	GlobalSection(ExtensibilityGlobals) = postSolution
		SolutionGuid = {61F7FB11-1E47-470C-91E2-47F8143E1572}
	EndGlobalSection
EndGlobal
